
Microsoft Visual Studio Solution File, Format Version 12.00
# Visual Studio Version 16
VisualStudioVersion = 16.0.31624.102
MinimumVisualStudioVersion = 10.0.40219.1
Project("{9A19103F-16F7-4668-BE54-9A1E7A4F7556}") = "coursework", "coursework\coursework.csproj", "{333EAE3A-287F-416C-ABAE-F57DA85E8589}"
EndProject
Global
	GlobalSection(SolutionConfigurationPlatforms) = preSolution
		Debug|Any CPU = Debug|Any CPU
		Release|Any CPU = Release|Any CPU
	EndGlobalSection
	GlobalSection(ProjectConfigurationPlatforms) = postSolution
		{333EAE3A-287F-416C-ABAE-F57DA85E8589}.Debug|Any CPU.ActiveCfg = Debug|Any CPU
		{333EAE3A-287F-416C-ABAE-F57DA85E8589}.Debug|Any CPU.Build.0 = Debug|Any CPU
		{333EAE3A-287F-416C-ABAE-F57DA85E8589}.Release|Any CPU.ActiveCfg = Release|Any CPU
		{333EAE3A-287F-416C-ABAE-F57DA85E8589}.Release|Any CPU.Build.0 = Release|Any CPU
	EndGlobalSection
	GlobalSection(SolutionProperties) = preSolution
		HideSolutionNode = FALSE
	EndGlobalSection
	GlobalSection(ExtensibilityGlobals) = postSolution
		SolutionGuid = {CF42C178-33A1-4744-953B-20B2ACFB6E8C}
	EndGlobalSection
EndGlobal
